
Microsoft Visual Studio Solution File, Format Version 12.00
# Visual Studio 15
VisualStudioVersion = 15.0.28307.136
MinimumVisualStudioVersion = 10.0.40219.1
Project("{FAE04EC0-301F-11D3-BF4B-00C04F79EFBC}") = "PW_P2", "PW_P2.csproj", "{0068B831-8AE4-47B6-8969-8467278B6ABD}"
EndProject
Global
	GlobalSection(SolutionConfigurationPlatforms) = preSolution
		Debug|Any CPU = Debug|Any CPU
		Release|Any CPU = Release|Any CPU
	EndGlobalSection
	GlobalSection(ProjectConfigurationPlatforms) = postSolution
		{0068B831-8AE4-47B6-8969-8467278B6ABD}.Debug|Any CPU.ActiveCfg = Debug|Any CPU
		{0068B831-8AE4-47B6-8969-8467278B6ABD}.Debug|Any CPU.Build.0 = Debug|Any CPU
		{0068B831-8AE4-47B6-8969-8467278B6ABD}.Release|Any CPU.ActiveCfg = Release|Any CPU
		{0068B831-8AE4-47B6-8969-8467278B6ABD}.Release|Any CPU.Build.0 = Release|Any CPU
	EndGlobalSection
	GlobalSection(SolutionProperties) = preSolution
		HideSolutionNode = FALSE
	EndGlobalSection
	GlobalSection(ExtensibilityGlobals) = postSolution
		SolutionGuid = {355065C0-27D2-4C77-8C5A-287B2C5CC089}
	EndGlobalSection
EndGlobal
